<?xml version="1.0" encoding="utf-8"?>
<Project ToolsVersion="4.0" xmlns="http://schemas.microsoft.com/developer/msbuild/2003">
  <ItemGroup>
    <Filter Include="sources">
      <UniqueIdentifier>{853a318d-20ec-4b62-b21e-5ebfa1e7a026}</UniqueIdentifier>
    </Filter>
  </ItemGroup>
  <ItemGroup>
    <ClCompile Include="sources\Library.cpp">
      <Filter>sources</Filter>
    </ClCompile>
    <ClCompile Include="sources\Main.cpp">
      <Filter>sources</Filter>
    </ClCompile>
  </ItemGroup>
  <ItemGroup>
    <ClInclude Include="sources\XLibrary11.hpp">
      <Filter>sources</Filter>
    </ClInclude>
    <ClInclude Include="sources\Model.hpp">
      <Filter>sources</Filter>
    </ClInclude>
    <ClInclude Include="sources\Animation.hpp">
      <Filter>sources</Filter>
    </ClInclude>
  </ItemGroup>
</Project>